
Microsoft Visual Studio Solution File, Format Version 12.00
# Visual Studio Version 17
VisualStudioVersion = 17.8.34330.188
MinimumVisualStudioVersion = 10.0.40219.1
Project("{FAE04EC0-301F-11D3-BF4B-00C04F79EFBC}") = "8967796-PrateekChadha_prog8051_Assignment1", "8967796-PrateekChadha_prog8051_Assignment1.csproj", "{C8359B58-AF71-405D-99CC-4EF6608D49E5}"
EndProject
Global
	GlobalSection(SolutionConfigurationPlatforms) = preSolution
		Debug|Any CPU = Debug|Any CPU
		Release|Any CPU = Release|Any CPU
	EndGlobalSection
	GlobalSection(ProjectConfigurationPlatforms) = postSolution
		{C8359B58-AF71-405D-99CC-4EF6608D49E5}.Debug|Any CPU.ActiveCfg = Debug|Any CPU
		{C8359B58-AF71-405D-99CC-4EF6608D49E5}.Debug|Any CPU.Build.0 = Debug|Any CPU
		{C8359B58-AF71-405D-99CC-4EF6608D49E5}.Release|Any CPU.ActiveCfg = Release|Any CPU
		{C8359B58-AF71-405D-99CC-4EF6608D49E5}.Release|Any CPU.Build.0 = Release|Any CPU
	EndGlobalSection
	GlobalSection(SolutionProperties) = preSolution
		HideSolutionNode = FALSE
	EndGlobalSection
	GlobalSection(ExtensibilityGlobals) = postSolution
		SolutionGuid = {227B9BC5-65D3-4DF5-8998-0194DAC65A94}
	EndGlobalSection
EndGlobal
